
Microsoft Visual Studio Solution File, Format Version 12.00
# Visual Studio 2012
Project("{FAE04EC0-301F-11D3-BF4B-00C04F79EFBC}") = "WebAPIDemo", "WebAPIDemo\WebAPIDemo.csproj", "{146F6F9C-86E1-41F7-935D-8AF6AC093365}"
EndProject
Global
	GlobalSection(SolutionConfigurationPlatforms) = preSolution
		Debug|Any CPU = Debug|Any CPU
		Release|Any CPU = Release|Any CPU
	EndGlobalSection
	GlobalSection(ProjectConfigurationPlatforms) = postSolution
		{146F6F9C-86E1-41F7-935D-8AF6AC093365}.Debug|Any CPU.ActiveCfg = Debug|Any CPU
		{146F6F9C-86E1-41F7-935D-8AF6AC093365}.Debug|Any CPU.Build.0 = Debug|Any CPU
		{146F6F9C-86E1-41F7-935D-8AF6AC093365}.Release|Any CPU.ActiveCfg = Release|Any CPU
		{146F6F9C-86E1-41F7-935D-8AF6AC093365}.Release|Any CPU.Build.0 = Release|Any CPU
	EndGlobalSection
	GlobalSection(SolutionProperties) = preSolution
		HideSolutionNode = FALSE
	EndGlobalSection
EndGlobal
